{
    "version": 3,
    "terraform_version": "0.11.7",
    "serial": 11,
    "lineage": "3fb42706-9c4e-e238-09fa-438a2e37506a",
    "modules": [
        {
            "path": [
                "root"
            ],
            "outputs": {},
            "resources": {
                "google_storage_bucket.misthos-web-prod": {
                    "type": "google_storage_bucket",
                    "depends_on": [],
                    "primary": {
                        "id": "app.misthos.io",
                        "attributes": {
                            "cors.#": "0",
                            "force_destroy": "false",
                            "id": "app.misthos.io",
                            "labels.%": "0",
                            "lifecycle_rule.#": "0",
                            "location": "EU",
                            "logging.#": "0",
                            "name": "app.misthos.io",
                            "project": "misthos-173012",
                            "self_link": "https://www.googleapis.com/storage/v1/b/app.misthos.io",
                            "storage_class": "MULTI_REGIONAL",
                            "url": "gs://app.misthos.io",
                            "versioning.#": "0",
                            "website.#": "1",
                            "website.0.main_page_suffix": "index.html",
                            "website.0.not_found_page": ""
                        },
                        "meta": {},
                        "tainted": false
                    },
                    "deposed": [],
                    "provider": "provider.google"
                },
                "google_storage_bucket.misthos-web-staging": {
                    "type": "google_storage_bucket",
                    "depends_on": [],
                    "primary": {
                        "id": "test.misthos.io",
                        "attributes": {
                            "cors.#": "0",
                            "force_destroy": "false",
                            "id": "test.misthos.io",
                            "labels.%": "0",
                            "lifecycle_rule.#": "0",
                            "location": "EU",
                            "logging.#": "0",
                            "name": "test.misthos.io",
                            "project": "misthos-173012",
                            "self_link": "https://www.googleapis.com/storage/v1/b/test.misthos.io",
                            "storage_class": "MULTI_REGIONAL",
                            "url": "gs://test.misthos.io",
                            "versioning.#": "0",
                            "website.#": "1",
                            "website.0.main_page_suffix": "index.html",
                            "website.0.not_found_page": ""
                        },
                        "meta": {},
                        "tainted": false
                    },
                    "deposed": [],
                    "provider": "provider.google"
                },
                "google_storage_bucket_acl.prod-acl": {
                    "type": "google_storage_bucket_acl",
                    "depends_on": [
                        "google_storage_bucket.misthos-web-prod"
                    ],
                    "primary": {
                        "id": "app.misthos.io-acl",
                        "attributes": {
                            "bucket": "app.misthos.io",
                            "default_acl": "publicread",
                            "id": "app.misthos.io-acl",
                            "predefined_acl": "publicread"
                        },
                        "meta": {},
                        "tainted": false
                    },
                    "deposed": [],
                    "provider": "provider.google"
                },
                "google_storage_bucket_acl.staging-acl": {
                    "type": "google_storage_bucket_acl",
                    "depends_on": [
                        "google_storage_bucket.misthos-web-staging"
                    ],
                    "primary": {
                        "id": "test.misthos.io-acl",
                        "attributes": {
                            "bucket": "test.misthos.io",
                            "default_acl": "publicread",
                            "id": "test.misthos.io-acl",
                            "predefined_acl": "publicread"
                        },
                        "meta": {},
                        "tainted": false
                    },
                    "deposed": [],
                    "provider": "provider.google"
                }
            },
            "depends_on": []
        }
    ]
}
